# This file is autogenerated, do not edit; changes may be undone by the next 'dep ensure'.


[[projects]]
  branch = "master"
  name = "github.com/dchest/uniuri"
  packages = ["."]
  revision = "8902c56451e9b58ff940bbe5fec35d5f9c04584a"

[[projects]]
  branch = "v2"
  name = "gopkg.in/yaml.v2"
  packages = ["."]
  revision = "eb3733d160e74a9c7e442f435eb3bea458e1d19f"

[solve-meta]
  analyzer-name = "dep"
  analyzer-version = 1
  inputs-digest = "7a227910753aeaef0a4bfabc874f8b6dab7a1c35c37d2570104a7932589f54a2"
  solver-name = "gps-cdcl"
  solver-version = 1
